{
    "version": 3,
    "terraform_version": "0.11.6",
    "serial": 1,
    "lineage": "a2d38da8-fb08-35c3-7e0c-a511e822b904",
    "modules": [
        {
            "path": [
                "root"
            ],
            "outputs": {},
            "resources": {},
            "depends_on": []
        },
        {
            "path": [
                "root",
                "Instances"
            ],
            "outputs": {
                "private_ip": {
                    "sensitive": false,
                    "type": "string",
                    "value": "172.31.9.18"
                },
                "public_ip": {
                    "sensitive": false,
                    "type": "string",
                    "value": "35.177.96.200"
                }
            },
            "resources": {
                "aws_instance.windows1": {
                    "type": "aws_instance",
                    "depends_on": [],
                    "primary": {
                        "id": "i-00601e8d33e05b6ef",
                        "attributes": {
                            "ami": "ami-9c6b8dfb",
                            "associate_public_ip_address": "true",
                            "availability_zone": "eu-west-2a",
                            "disable_api_termination": "false",
                            "ebs_block_device.#": "0",
                            "ebs_optimized": "false",
                            "ephemeral_block_device.#": "0",
                            "get_password_data": "false",
                            "iam_instance_profile": "",
                            "id": "i-00601e8d33e05b6ef",
                            "instance_state": "running",
                            "instance_type": "t2.micro",
                            "ipv6_addresses.#": "0",
                            "key_name": "Terraform_KeyPair",
                            "monitoring": "false",
                            "network_interface.#": "0",
                            "network_interface_id": "eni-07b24953",
                            "password_data": "",
                            "placement_group": "",
                            "primary_network_interface_id": "eni-07b24953",
                            "private_dns": "ip-172-31-9-18.eu-west-2.compute.internal",
                            "private_ip": "172.31.9.18",
                            "public_dns": "ec2-35-177-96-200.eu-west-2.compute.amazonaws.com",
                            "public_ip": "35.177.96.200",
                            "root_block_device.#": "1",
                            "root_block_device.0.delete_on_termination": "true",
                            "root_block_device.0.iops": "100",
                            "root_block_device.0.volume_id": "vol-0c5608f05685618c7",
                            "root_block_device.0.volume_size": "30",
                            "root_block_device.0.volume_type": "gp2",
                            "security_groups.#": "1",
                            "security_groups.686593044": "prod_sg",
                            "source_dest_check": "true",
                            "subnet_id": "subnet-5f845324",
                            "tags.%": "1",
                            "tags.Name": "Windows1",
                            "tenancy": "default",
                            "user_data": "c82f7a05cfc6a01e7b9ee7eba38944b9668619b5",
                            "volume_tags.%": "0",
                            "vpc_security_group_ids.#": "1",
                            "vpc_security_group_ids.899419566": "sg-993ac8f2"
                        },
                        "meta": {
                            "e2bfb730-ecaa-11e6-8f88-34363bc7c4c0": {
                                "create": 600000000000,
                                "delete": 1200000000000,
                                "update": 600000000000
                            },
                            "schema_version": "1"
                        },
                        "tainted": false
                    },
                    "deposed": [],
                    "provider": "provider.aws"
                }
            },
            "depends_on": []
        },
        {
            "path": [
                "root",
                "Security_Groups"
            ],
            "outputs": {
                "prod_sg_id": {
                    "sensitive": false,
                    "type": "string",
                    "value": "sg-993ac8f2"
                }
            },
            "resources": {
                "aws_security_group.prod_sg": {
                    "type": "aws_security_group",
                    "depends_on": [],
                    "primary": {
                        "id": "sg-993ac8f2",
                        "attributes": {
                            "arn": "arn:aws:ec2:eu-west-2:973936072498:security-group/sg-993ac8f2",
                            "description": "Prod Security Group",
                            "egress.#": "1",
                            "egress.482069346.cidr_blocks.#": "1",
                            "egress.482069346.cidr_blocks.0": "0.0.0.0/0",
                            "egress.482069346.description": "",
                            "egress.482069346.from_port": "0",
                            "egress.482069346.ipv6_cidr_blocks.#": "0",
                            "egress.482069346.prefix_list_ids.#": "0",
                            "egress.482069346.protocol": "-1",
                            "egress.482069346.security_groups.#": "0",
                            "egress.482069346.self": "false",
                            "egress.482069346.to_port": "0",
                            "id": "sg-993ac8f2",
                            "ingress.#": "1",
                            "ingress.2223400681.cidr_blocks.#": "1",
                            "ingress.2223400681.cidr_blocks.0": "0.0.0.0/0",
                            "ingress.2223400681.description": "",
                            "ingress.2223400681.from_port": "3389",
                            "ingress.2223400681.ipv6_cidr_blocks.#": "0",
                            "ingress.2223400681.protocol": "tcp",
                            "ingress.2223400681.security_groups.#": "0",
                            "ingress.2223400681.self": "false",
                            "ingress.2223400681.to_port": "3389",
                            "name": "prod_sg",
                            "owner_id": "973936072498",
                            "revoke_rules_on_delete": "false",
                            "tags.%": "0",
                            "vpc_id": "vpc-380ead51"
                        },
                        "meta": {
                            "e2bfb730-ecaa-11e6-8f88-34363bc7c4c0": {
                                "create": 600000000000,
                                "delete": 600000000000
                            },
                            "schema_version": "1"
                        },
                        "tainted": false
                    },
                    "deposed": [],
                    "provider": "provider.aws"
                }
            },
            "depends_on": []
        }
    ]
}
